// !$*UTF8*$!
{
	archiveVersion = 1;
	classes = {
	};
	objectVersion = 55;
	objects = {

/* Begin PBXBuildFile section */
		1DD723C729046F4A00CAFC8D /* AppDelegate.swift in Sources */ = {isa = PBXBuildFile; fileRef = 1DD723C629046F4A00CAFC8D /* AppDelegate.swift */; };
		1DD723C929046F4A00CAFC8D /* SceneDelegate.swift in Sources */ = {isa = PBXBuildFile; fileRef = 1DD723C829046F4A00CAFC8D /* SceneDelegate.swift */; };
		1DD723CB29046F4A00CAFC8D /* ViewController.swift in Sources */ = {isa = PBXBuildFile; fileRef = 1DD723CA29046F4A00CAFC8D /* ViewController.swift */; };
		1DD723CE29046F4A00CAFC8D /* Main.storyboard in Resources */ = {isa = PBXBuildFile; fileRef = 1DD723CC29046F4A00CAFC8D /* Main.storyboard */; };
		1DD723D029046F4C00CAFC8D /* Assets.xcassets in Resources */ = {isa = PBXBuildFile; fileRef = 1DD723CF29046F4C00CAFC8D /* Assets.xcassets */; };
		1DD723D329046F4C00CAFC8D /* LaunchScreen.storyboard in Resources */ = {isa = PBXBuildFile; fileRef = 1DD723D129046F4C00CAFC8D /* LaunchScreen.storyboard */; };
		1DD723DE29046F4C00CAFC8D /* Parking_FinderTests.swift in Sources */ = {isa = PBXBuildFile; fileRef = 1DD723DD29046F4C00CAFC8D /* Parking_FinderTests.swift */; };
		1DD723E829046F4C00CAFC8D /* Parking_FinderUITests.swift in Sources */ = {isa = PBXBuildFile; fileRef = 1DD723E729046F4C00CAFC8D /* Parking_FinderUITests.swift */; };
		1DD723EA29046F4C00CAFC8D /* Parking_FinderUITestsLaunchTests.swift in Sources */ = {isa = PBXBuildFile; fileRef = 1DD723E929046F4C00CAFC8D /* Parking_FinderUITestsLaunchTests.swift */; };
		1DDC265F290756A900640963 /* MapDisplayViewController.swift in Sources */ = {isa = PBXBuildFile; fileRef = 1DDC265E290756A900640963 /* MapDisplayViewController.swift */; };
		1DDC26612907575D00640963 /* ProfileViewController.swift in Sources */ = {isa = PBXBuildFile; fileRef = 1DDC26602907575D00640963 /* ProfileViewController.swift */; };
		417F52350B1D44FB8ACB6BD2 /* Pods_Parking_Finder.framework in Frameworks */ = {isa = PBXBuildFile; fileRef = 409BA5346919385859ABC2A6 /* Pods_Parking_Finder.framework */; };
		4615A61677D730A1A0AC2739 /* Pods_Parking_FinderTests.framework in Frameworks */ = {isa = PBXBuildFile; fileRef = 89E959AECF274B74338DD8E3 /* Pods_Parking_FinderTests.framework */; };
		5D3015C54C81A2954B0C243B /* Pods_Parking_Finder_Parking_FinderUITests.framework in Frameworks */ = {isa = PBXBuildFile; fileRef = 8283C6B842A0E3AD8AF92A59 /* Pods_Parking_Finder_Parking_FinderUITests.framework */; };
		6A4BD55F290A24D80099D117 /* LogInViewController.swift in Sources */ = {isa = PBXBuildFile; fileRef = 6A4BD55E290A24D80099D117 /* LogInViewController.swift */; };
		8E4A3DE0290845A100F51B3C /* EditProfileViewController.swift in Sources */ = {isa = PBXBuildFile; fileRef = 8E4A3DDF290845A100F51B3C /* EditProfileViewController.swift */; };
/* End PBXBuildFile section */

/* Begin PBXContainerItemProxy section */
		1DD723DA29046F4C00CAFC8D /* PBXContainerItemProxy */ = {
			isa = PBXContainerItemProxy;
			containerPortal = 1DD723BB29046F4A00CAFC8D /* Project object */;
			proxyType = 1;
			remoteGlobalIDString = 1DD723C229046F4A00CAFC8D;
			remoteInfo = "Parking Finder";
		};
		1DD723E429046F4C00CAFC8D /* PBXContainerItemProxy */ = {
			isa = PBXContainerItemProxy;
			containerPortal = 1DD723BB29046F4A00CAFC8D /* Project object */;
			proxyType = 1;
			remoteGlobalIDString = 1DD723C229046F4A00CAFC8D;
			remoteInfo = "Parking Finder";
		};
/* End PBXContainerItemProxy section */

/* Begin PBXFileReference section */
		1456C5A841F879FD9E91C6C7 /* Pods-Parking Finder.release.xcconfig */ = {isa = PBXFileReference; includeInIndex = 1; lastKnownFileType = text.xcconfig; name = "Pods-Parking Finder.release.xcconfig"; path = "Target Support Files/Pods-Parking Finder/Pods-Parking Finder.release.xcconfig"; sourceTree = "<group>"; };
		1DD723C329046F4A00CAFC8D /* Parking Finder.app */ = {isa = PBXFileReference; explicitFileType = wrapper.application; includeInIndex = 0; path = "Parking Finder.app"; sourceTree = BUILT_PRODUCTS_DIR; };
		1DD723C629046F4A00CAFC8D /* AppDelegate.swift */ = {isa = PBXFileReference; lastKnownFileType = sourcecode.swift; path = AppDelegate.swift; sourceTree = "<group>"; };
		1DD723C829046F4A00CAFC8D /* SceneDelegate.swift */ = {isa = PBXFileReference; lastKnownFileType = sourcecode.swift; path = SceneDelegate.swift; sourceTree = "<group>"; };
		1DD723CA29046F4A00CAFC8D /* ViewController.swift */ = {isa = PBXFileReference; lastKnownFileType = sourcecode.swift; path = ViewController.swift; sourceTree = "<group>"; };
		1DD723CD29046F4A00CAFC8D /* Base */ = {isa = PBXFileReference; lastKnownFileType = file.storyboard; name = Base; path = Base.lproj/Main.storyboard; sourceTree = "<group>"; };
		1DD723CF29046F4C00CAFC8D /* Assets.xcassets */ = {isa = PBXFileReference; lastKnownFileType = folder.assetcatalog; path = Assets.xcassets; sourceTree = "<group>"; };
		1DD723D229046F4C00CAFC8D /* Base */ = {isa = PBXFileReference; lastKnownFileType = file.storyboard; name = Base; path = Base.lproj/LaunchScreen.storyboard; sourceTree = "<group>"; };
		1DD723D429046F4C00CAFC8D /* Info.plist */ = {isa = PBXFileReference; lastKnownFileType = text.plist.xml; path = Info.plist; sourceTree = "<group>"; };
		1DD723D929046F4C00CAFC8D /* Parking FinderTests.xctest */ = {isa = PBXFileReference; explicitFileType = wrapper.cfbundle; includeInIndex = 0; path = "Parking FinderTests.xctest"; sourceTree = BUILT_PRODUCTS_DIR; };
		1DD723DD29046F4C00CAFC8D /* Parking_FinderTests.swift */ = {isa = PBXFileReference; lastKnownFileType = sourcecode.swift; path = Parking_FinderTests.swift; sourceTree = "<group>"; };
		1DD723E329046F4C00CAFC8D /* Parking FinderUITests.xctest */ = {isa = PBXFileReference; explicitFileType = wrapper.cfbundle; includeInIndex = 0; path = "Parking FinderUITests.xctest"; sourceTree = BUILT_PRODUCTS_DIR; };
		1DD723E729046F4C00CAFC8D /* Parking_FinderUITests.swift */ = {isa = PBXFileReference; lastKnownFileType = sourcecode.swift; path = Parking_FinderUITests.swift; sourceTree = "<group>"; };
		1DD723E929046F4C00CAFC8D /* Parking_FinderUITestsLaunchTests.swift */ = {isa = PBXFileReference; lastKnownFileType = sourcecode.swift; path = Parking_FinderUITestsLaunchTests.swift; sourceTree = "<group>"; };
		1DDC265E290756A900640963 /* MapDisplayViewController.swift */ = {isa = PBXFileReference; lastKnownFileType = sourcecode.swift; path = MapDisplayViewController.swift; sourceTree = "<group>"; };
		1DDC26602907575D00640963 /* ProfileViewController.swift */ = {isa = PBXFileReference; lastKnownFileType = sourcecode.swift; path = ProfileViewController.swift; sourceTree = "<group>"; };
		409BA5346919385859ABC2A6 /* Pods_Parking_Finder.framework */ = {isa = PBXFileReference; explicitFileType = wrapper.framework; includeInIndex = 0; path = Pods_Parking_Finder.framework; sourceTree = BUILT_PRODUCTS_DIR; };
		5C37DE4CEA567706090278DB /* Pods-Parking Finder.debug.xcconfig */ = {isa = PBXFileReference; includeInIndex = 1; lastKnownFileType = text.xcconfig; name = "Pods-Parking Finder.debug.xcconfig"; path = "Target Support Files/Pods-Parking Finder/Pods-Parking Finder.debug.xcconfig"; sourceTree = "<group>"; };
		6A4BD55E290A24D80099D117 /* LogInViewController.swift */ = {isa = PBXFileReference; lastKnownFileType = sourcecode.swift; path = LogInViewController.swift; sourceTree = "<group>"; };
		8283C6B842A0E3AD8AF92A59 /* Pods_Parking_Finder_Parking_FinderUITests.framework */ = {isa = PBXFileReference; explicitFileType = wrapper.framework; includeInIndex = 0; path = Pods_Parking_Finder_Parking_FinderUITests.framework; sourceTree = BUILT_PRODUCTS_DIR; };
		87BB181E0C847D51C45A97A8 /* Pods-Parking Finder-Parking FinderUITests.debug.xcconfig */ = {isa = PBXFileReference; includeInIndex = 1; lastKnownFileType = text.xcconfig; name = "Pods-Parking Finder-Parking FinderUITests.debug.xcconfig"; path = "Target Support Files/Pods-Parking Finder-Parking FinderUITests/Pods-Parking Finder-Parking FinderUITests.debug.xcconfig"; sourceTree = "<group>"; };
		89E959AECF274B74338DD8E3 /* Pods_Parking_FinderTests.framework */ = {isa = PBXFileReference; explicitFileType = wrapper.framework; includeInIndex = 0; path = Pods_Parking_FinderTests.framework; sourceTree = BUILT_PRODUCTS_DIR; };
		8E4A3DDF290845A100F51B3C /* EditProfileViewController.swift */ = {isa = PBXFileReference; lastKnownFileType = sourcecode.swift; path = EditProfileViewController.swift; sourceTree = "<group>"; };
		D96ECBFD94D631B61822BDBE /* Pods-Parking FinderTests.debug.xcconfig */ = {isa = PBXFileReference; includeInIndex = 1; lastKnownFileType = text.xcconfig; name = "Pods-Parking FinderTests.debug.xcconfig"; path = "Target Support Files/Pods-Parking FinderTests/Pods-Parking FinderTests.debug.xcconfig"; sourceTree = "<group>"; };
		DEC18A3506F5FD4997ABD906 /* Pods-Parking FinderTests.release.xcconfig */ = {isa = PBXFileReference; includeInIndex = 1; lastKnownFileType = text.xcconfig; name = "Pods-Parking FinderTests.release.xcconfig"; path = "Target Support Files/Pods-Parking FinderTests/Pods-Parking FinderTests.release.xcconfig"; sourceTree = "<group>"; };
		E3AE71F2A094788A3C0018BB /* Pods-Parking Finder-Parking FinderUITests.release.xcconfig */ = {isa = PBXFileReference; includeInIndex = 1; lastKnownFileType = text.xcconfig; name = "Pods-Parking Finder-Parking FinderUITests.release.xcconfig"; path = "Target Support Files/Pods-Parking Finder-Parking FinderUITests/Pods-Parking Finder-Parking FinderUITests.release.xcconfig"; sourceTree = "<group>"; };
/* End PBXFileReference section */

/* Begin PBXFrameworksBuildPhase section */
		1DD723C029046F4A00CAFC8D /* Frameworks */ = {
			isa = PBXFrameworksBuildPhase;
			buildActionMask = 2147483647;
			files = (
				417F52350B1D44FB8ACB6BD2 /* Pods_Parking_Finder.framework in Frameworks */,
			);
			runOnlyForDeploymentPostprocessing = 0;
		};
		1DD723D629046F4C00CAFC8D /* Frameworks */ = {
			isa = PBXFrameworksBuildPhase;
			buildActionMask = 2147483647;
			files = (
				4615A61677D730A1A0AC2739 /* Pods_Parking_FinderTests.framework in Frameworks */,
			);
			runOnlyForDeploymentPostprocessing = 0;
		};
		1DD723E029046F4C00CAFC8D /* Frameworks */ = {
			isa = PBXFrameworksBuildPhase;
			buildActionMask = 2147483647;
			files = (
				5D3015C54C81A2954B0C243B /* Pods_Parking_Finder_Parking_FinderUITests.framework in Frameworks */,
			);
			runOnlyForDeploymentPostprocessing = 0;
		};
/* End PBXFrameworksBuildPhase section */

/* Begin PBXGroup section */
		187861529FD53EB35283B911 /* Pods */ = {
			isa = PBXGroup;
			children = (
				5C37DE4CEA567706090278DB /* Pods-Parking Finder.debug.xcconfig */,
				1456C5A841F879FD9E91C6C7 /* Pods-Parking Finder.release.xcconfig */,
				87BB181E0C847D51C45A97A8 /* Pods-Parking Finder-Parking FinderUITests.debug.xcconfig */,
				E3AE71F2A094788A3C0018BB /* Pods-Parking Finder-Parking FinderUITests.release.xcconfig */,
				D96ECBFD94D631B61822BDBE /* Pods-Parking FinderTests.debug.xcconfig */,
				DEC18A3506F5FD4997ABD906 /* Pods-Parking FinderTests.release.xcconfig */,
			);
			path = Pods;
			sourceTree = "<group>";
		};
		1DD723BA29046F4A00CAFC8D = {
			isa = PBXGroup;
			children = (
				1DD723C529046F4A00CAFC8D /* Parking Finder */,
				1DD723DC29046F4C00CAFC8D /* Parking FinderTests */,
				1DD723E629046F4C00CAFC8D /* Parking FinderUITests */,
				1DD723C429046F4A00CAFC8D /* Products */,
				187861529FD53EB35283B911 /* Pods */,
				7C1B8BD253319A3D322DA815 /* Frameworks */,
			);
			sourceTree = "<group>";
		};
		1DD723C429046F4A00CAFC8D /* Products */ = {
			isa = PBXGroup;
			children = (
				1DD723C329046F4A00CAFC8D /* Parking Finder.app */,
				1DD723D929046F4C00CAFC8D /* Parking FinderTests.xctest */,
				1DD723E329046F4C00CAFC8D /* Parking FinderUITests.xctest */,
			);
			name = Products;
			sourceTree = "<group>";
		};
		1DD723C529046F4A00CAFC8D /* Parking Finder */ = {
			isa = PBXGroup;
			children = (
				1DD723C629046F4A00CAFC8D /* AppDelegate.swift */,
				8E4A3DDF290845A100F51B3C /* EditProfileViewController.swift */,
				1DD723C829046F4A00CAFC8D /* SceneDelegate.swift */,
				1DD723CA29046F4A00CAFC8D /* ViewController.swift */,
				1DD723CC29046F4A00CAFC8D /* Main.storyboard */,
				6A4BD55E290A24D80099D117 /* LogInViewController.swift */,
				1DD723CF29046F4C00CAFC8D /* Assets.xcassets */,
				1DD723D129046F4C00CAFC8D /* LaunchScreen.storyboard */,
				1DD723D429046F4C00CAFC8D /* Info.plist */,
				1DDC265E290756A900640963 /* MapDisplayViewController.swift */,
				1DDC26602907575D00640963 /* ProfileViewController.swift */,
			);
			path = "Parking Finder";
			sourceTree = "<group>";
		};
		1DD723DC29046F4C00CAFC8D /* Parking FinderTests */ = {
			isa = PBXGroup;
			children = (
				1DD723DD29046F4C00CAFC8D /* Parking_FinderTests.swift */,
			);
			path = "Parking FinderTests";
			sourceTree = "<group>";
		};
		1DD723E629046F4C00CAFC8D /* Parking FinderUITests */ = {
			isa = PBXGroup;
			children = (
				1DD723E729046F4C00CAFC8D /* Parking_FinderUITests.swift */,
				1DD723E929046F4C00CAFC8D /* Parking_FinderUITestsLaunchTests.swift */,
			);
			path = "Parking FinderUITests";
			sourceTree = "<group>";
		};
		7C1B8BD253319A3D322DA815 /* Frameworks */ = {
			isa = PBXGroup;
			children = (
				409BA5346919385859ABC2A6 /* Pods_Parking_Finder.framework */,
				8283C6B842A0E3AD8AF92A59 /* Pods_Parking_Finder_Parking_FinderUITests.framework */,
				89E959AECF274B74338DD8E3 /* Pods_Parking_FinderTests.framework */,
			);
			name = Frameworks;
			sourceTree = "<group>";
		};
/* End PBXGroup section */

/* Begin PBXNativeTarget section */
		1DD723C229046F4A00CAFC8D /* Parking Finder */ = {
			isa = PBXNativeTarget;
			buildConfigurationList = 1DD723ED29046F4C00CAFC8D /* Build configuration list for PBXNativeTarget "Parking Finder" */;
			buildPhases = (
				5CD20EC9EF7ADA32357163B5 /* [CP] Check Pods Manifest.lock */,
				1DD723BF29046F4A00CAFC8D /* Sources */,
				1DD723C029046F4A00CAFC8D /* Frameworks */,
				1DD723C129046F4A00CAFC8D /* Resources */,
				05D0F1661683A74B46D9B5D7 /* [CP] Embed Pods Frameworks */,
			);
			buildRules = (
			);
			dependencies = (
			);
			name = "Parking Finder";
			productName = "Parking Finder";
			productReference = 1DD723C329046F4A00CAFC8D /* Parking Finder.app */;
			productType = "com.apple.product-type.application";
		};
		1DD723D829046F4C00CAFC8D /* Parking FinderTests */ = {
			isa = PBXNativeTarget;
			buildConfigurationList = 1DD723F029046F4C00CAFC8D /* Build configuration list for PBXNativeTarget "Parking FinderTests" */;
			buildPhases = (
				56754402A6FE755B7D5B958B /* [CP] Check Pods Manifest.lock */,
				1DD723D529046F4C00CAFC8D /* Sources */,
				1DD723D629046F4C00CAFC8D /* Frameworks */,
				1DD723D729046F4C00CAFC8D /* Resources */,
			);
			buildRules = (
			);
			dependencies = (
				1DD723DB29046F4C00CAFC8D /* PBXTargetDependency */,
			);
			name = "Parking FinderTests";
			productName = "Parking FinderTests";
			productReference = 1DD723D929046F4C00CAFC8D /* Parking FinderTests.xctest */;
			productType = "com.apple.product-type.bundle.unit-test";
		};
		1DD723E229046F4C00CAFC8D /* Parking FinderUITests */ = {
			isa = PBXNativeTarget;
			buildConfigurationList = 1DD723F329046F4C00CAFC8D /* Build configuration list for PBXNativeTarget "Parking FinderUITests" */;
			buildPhases = (
				0056525845C8AB23FEF0B78C /* [CP] Check Pods Manifest.lock */,
				1DD723DF29046F4C00CAFC8D /* Sources */,
				1DD723E029046F4C00CAFC8D /* Frameworks */,
				1DD723E129046F4C00CAFC8D /* Resources */,
				D6B99A933BF3DB21E6846B79 /* [CP] Embed Pods Frameworks */,
			);
			buildRules = (
			);
			dependencies = (
				1DD723E529046F4C00CAFC8D /* PBXTargetDependency */,
			);
			name = "Parking FinderUITests";
			productName = "Parking FinderUITests";
			productReference = 1DD723E329046F4C00CAFC8D /* Parking FinderUITests.xctest */;
			productType = "com.apple.product-type.bundle.ui-testing";
		};
/* End PBXNativeTarget section */

/* Begin PBXProject section */
		1DD723BB29046F4A00CAFC8D /* Project object */ = {
			isa = PBXProject;
			attributes = {
				BuildIndependentTargetsInParallel = 1;
				LastSwiftUpdateCheck = 1340;
				LastUpgradeCheck = 1340;
				TargetAttributes = {
					1DD723C229046F4A00CAFC8D = {
						CreatedOnToolsVersion = 13.4.1;
					};
					1DD723D829046F4C00CAFC8D = {
						CreatedOnToolsVersion = 13.4.1;
						TestTargetID = 1DD723C229046F4A00CAFC8D;
					};
					1DD723E229046F4C00CAFC8D = {
						CreatedOnToolsVersion = 13.4.1;
						TestTargetID = 1DD723C229046F4A00CAFC8D;
					};
				};
			};
			buildConfigurationList = 1DD723BE29046F4A00CAFC8D /* Build configuration list for PBXProject "Parking Finder" */;
			compatibilityVersion = "Xcode 13.0";
			developmentRegion = en;
			hasScannedForEncodings = 0;
			knownRegions = (
				en,
				Base,
			);
			mainGroup = 1DD723BA29046F4A00CAFC8D;
			productRefGroup = 1DD723C429046F4A00CAFC8D /* Products */;
			projectDirPath = "";
			projectRoot = "";
			targets = (
				1DD723C229046F4A00CAFC8D /* Parking Finder */,
				1DD723D829046F4C00CAFC8D /* Parking FinderTests */,
				1DD723E229046F4C00CAFC8D /* Parking FinderUITests */,
			);
		};
/* End PBXProject section */

/* Begin PBXResourcesBuildPhase section */
		1DD723C129046F4A00CAFC8D /* Resources */ = {
			isa = PBXResourcesBuildPhase;
			buildActionMask = 2147483647;
			files = (
				1DD723D329046F4C00CAFC8D /* LaunchScreen.storyboard in Resources */,
				1DD723D029046F4C00CAFC8D /* Assets.xcassets in Resources */,
				1DD723CE29046F4A00CAFC8D /* Main.storyboard in Resources */,
			);
			runOnlyForDeploymentPostprocessing = 0;
		};
		1DD723D729046F4C00CAFC8D /* Resources */ = {
			isa = PBXResourcesBuildPhase;
			buildActionMask = 2147483647;
			files = (
			);
			runOnlyForDeploymentPostprocessing = 0;
		};
		1DD723E129046F4C00CAFC8D /* Resources */ = {
			isa = PBXResourcesBuildPhase;
			buildActionMask = 2147483647;
			files = (
			);
			runOnlyForDeploymentPostprocessing = 0;
		};
/* End PBXResourcesBuildPhase section */

/* Begin PBXShellScriptBuildPhase section */
		0056525845C8AB23FEF0B78C /* [CP] Check Pods Manifest.lock */ = {
			isa = PBXShellScriptBuildPhase;
			buildActionMask = 2147483647;
			files = (
			);
			inputFileListPaths = (
			);
			inputPaths = (
				"${PODS_PODFILE_DIR_PATH}/Podfile.lock",
				"${PODS_ROOT}/Manifest.lock",
			);
			name = "[CP] Check Pods Manifest.lock";
			outputFileListPaths = (
			);
			outputPaths = (
				"$(DERIVED_FILE_DIR)/Pods-Parking Finder-Parking FinderUITests-checkManifestLockResult.txt",
			);
			runOnlyForDeploymentPostprocessing = 0;
			shellPath = /bin/sh;
			shellScript = "diff \"${PODS_PODFILE_DIR_PATH}/Podfile.lock\" \"${PODS_ROOT}/Manifest.lock\" > /dev/null\nif [ $? != 0 ] ; then\n    # print error to STDERR\n    echo \"error: The sandbox is not in sync with the Podfile.lock. Run 'pod install' or update your CocoaPods installation.\" >&2\n    exit 1\nfi\n# This output is used by Xcode 'outputs' to avoid re-running this script phase.\necho \"SUCCESS\" > \"${SCRIPT_OUTPUT_FILE_0}\"\n";
			showEnvVarsInLog = 0;
		};
		05D0F1661683A74B46D9B5D7 /* [CP] Embed Pods Frameworks */ = {
			isa = PBXShellScriptBuildPhase;
			buildActionMask = 2147483647;
			files = (
			);
			inputFileListPaths = (
				"${PODS_ROOT}/Target Support Files/Pods-Parking Finder/Pods-Parking Finder-frameworks-${CONFIGURATION}-input-files.xcfilelist",
			);
			name = "[CP] Embed Pods Frameworks";
			outputFileListPaths = (
				"${PODS_ROOT}/Target Support Files/Pods-Parking Finder/Pods-Parking Finder-frameworks-${CONFIGURATION}-output-files.xcfilelist",
			);
			runOnlyForDeploymentPostprocessing = 0;
			shellPath = /bin/sh;
			shellScript = "\"${PODS_ROOT}/Target Support Files/Pods-Parking Finder/Pods-Parking Finder-frameworks.sh\"\n";
			showEnvVarsInLog = 0;
		};
		56754402A6FE755B7D5B958B /* [CP] Check Pods Manifest.lock */ = {
			isa = PBXShellScriptBuildPhase;
			buildActionMask = 2147483647;
			files = (
			);
			inputFileListPaths = (
			);
			inputPaths = (
				"${PODS_PODFILE_DIR_PATH}/Podfile.lock",
				"${PODS_ROOT}/Manifest.lock",
			);
			name = "[CP] Check Pods Manifest.lock";
			outputFileListPaths = (
			);
			outputPaths = (
				"$(DERIVED_FILE_DIR)/Pods-Parking FinderTests-checkManifestLockResult.txt",
			);
			runOnlyForDeploymentPostprocessing = 0;
			shellPath = /bin/sh;
			shellScript = "diff \"${PODS_PODFILE_DIR_PATH}/Podfile.lock\" \"${PODS_ROOT}/Manifest.lock\" > /dev/null\nif [ $? != 0 ] ; then\n    # print error to STDERR\n    echo \"error: The sandbox is not in sync with the Podfile.lock. Run 'pod install' or update your CocoaPods installation.\" >&2\n    exit 1\nfi\n# This output is used by Xcode 'outputs' to avoid re-running this script phase.\necho \"SUCCESS\" > \"${SCRIPT_OUTPUT_FILE_0}\"\n";
			showEnvVarsInLog = 0;
		};
		5CD20EC9EF7ADA32357163B5 /* [CP] Check Pods Manifest.lock */ = {
			isa = PBXShellScriptBuildPhase;
			buildActionMask = 2147483647;
			files = (
			);
			inputFileListPaths = (
			);
			inputPaths = (
				"${PODS_PODFILE_DIR_PATH}/Podfile.lock",
				"${PODS_ROOT}/Manifest.lock",
			);
			name = "[CP] Check Pods Manifest.lock";
			outputFileListPaths = (
			);
			outputPaths = (
				"$(DERIVED_FILE_DIR)/Pods-Parking Finder-checkManifestLockResult.txt",
			);
			runOnlyForDeploymentPostprocessing = 0;
			shellPath = /bin/sh;
			shellScript = "diff \"${PODS_PODFILE_DIR_PATH}/Podfile.lock\" \"${PODS_ROOT}/Manifest.lock\" > /dev/null\nif [ $? != 0 ] ; then\n    # print error to STDERR\n    echo \"error: The sandbox is not in sync with the Podfile.lock. Run 'pod install' or update your CocoaPods installation.\" >&2\n    exit 1\nfi\n# This output is used by Xcode 'outputs' to avoid re-running this script phase.\necho \"SUCCESS\" > \"${SCRIPT_OUTPUT_FILE_0}\"\n";
			showEnvVarsInLog = 0;
		};
		D6B99A933BF3DB21E6846B79 /* [CP] Embed Pods Frameworks */ = {
			isa = PBXShellScriptBuildPhase;
			buildActionMask = 2147483647;
			files = (
			);
			inputFileListPaths = (
				"${PODS_ROOT}/Target Support Files/Pods-Parking Finder-Parking FinderUITests/Pods-Parking Finder-Parking FinderUITests-frameworks-${CONFIGURATION}-input-files.xcfilelist",
			);
			name = "[CP] Embed Pods Frameworks";
			outputFileListPaths = (
				"${PODS_ROOT}/Target Support Files/Pods-Parking Finder-Parking FinderUITests/Pods-Parking Finder-Parking FinderUITests-frameworks-${CONFIGURATION}-output-files.xcfilelist",
			);
			runOnlyForDeploymentPostprocessing = 0;
			shellPath = /bin/sh;
			shellScript = "\"${PODS_ROOT}/Target Support Files/Pods-Parking Finder-Parking FinderUITests/Pods-Parking Finder-Parking FinderUITests-frameworks.sh\"\n";
			showEnvVarsInLog = 0;
		};
/* End PBXShellScriptBuildPhase section */

/* Begin PBXSourcesBuildPhase section */
		1DD723BF29046F4A00CAFC8D /* Sources */ = {
			isa = PBXSourcesBuildPhase;
			buildActionMask = 2147483647;
			files = (
				1DDC26612907575D00640963 /* ProfileViewController.swift in Sources */,
				1DD723CB29046F4A00CAFC8D /* ViewController.swift in Sources */,
				1DD723C729046F4A00CAFC8D /* AppDelegate.swift in Sources */,
				6A4BD55F290A24D80099D117 /* LogInViewController.swift in Sources */,
				1DDC265F290756A900640963 /* MapDisplayViewController.swift in Sources */,
				1DD723C929046F4A00CAFC8D /* SceneDelegate.swift in Sources */,
				8E4A3DE0290845A100F51B3C /* EditProfileViewController.swift in Sources */,
			);
			runOnlyForDeploymentPostprocessing = 0;
		};
		1DD723D529046F4C00CAFC8D /* Sources */ = {
			isa = PBXSourcesBuildPhase;
			buildActionMask = 2147483647;
			files = (
				1DD723DE29046F4C00CAFC8D /* Parking_FinderTests.swift in Sources */,
			);
			runOnlyForDeploymentPostprocessing = 0;
		};
		1DD723DF29046F4C00CAFC8D /* Sources */ = {
			isa = PBXSourcesBuildPhase;
			buildActionMask = 2147483647;
			files = (
				1DD723E829046F4C00CAFC8D /* Parking_FinderUITests.swift in Sources */,
				1DD723EA29046F4C00CAFC8D /* Parking_FinderUITestsLaunchTests.swift in Sources */,
			);
			runOnlyForDeploymentPostprocessing = 0;
		};
/* End PBXSourcesBuildPhase section */

/* Begin PBXTargetDependency section */
		1DD723DB29046F4C00CAFC8D /* PBXTargetDependency */ = {
			isa = PBXTargetDependency;
			target = 1DD723C229046F4A00CAFC8D /* Parking Finder */;
			targetProxy = 1DD723DA29046F4C00CAFC8D /* PBXContainerItemProxy */;
		};
		1DD723E529046F4C00CAFC8D /* PBXTargetDependency */ = {
			isa = PBXTargetDependency;
			target = 1DD723C229046F4A00CAFC8D /* Parking Finder */;
			targetProxy = 1DD723E429046F4C00CAFC8D /* PBXContainerItemProxy */;
		};
/* End PBXTargetDependency section */

/* Begin PBXVariantGroup section */
		1DD723CC29046F4A00CAFC8D /* Main.storyboard */ = {
			isa = PBXVariantGroup;
			children = (
				1DD723CD29046F4A00CAFC8D /* Base */,
			);
			name = Main.storyboard;
			sourceTree = "<group>";
		};
		1DD723D129046F4C00CAFC8D /* LaunchScreen.storyboard */ = {
			isa = PBXVariantGroup;
			children = (
				1DD723D229046F4C00CAFC8D /* Base */,
			);
			name = LaunchScreen.storyboard;
			sourceTree = "<group>";
		};
/* End PBXVariantGroup section */

/* Begin XCBuildConfiguration section */
		1DD723EB29046F4C00CAFC8D /* Debug */ = {
			isa = XCBuildConfiguration;
			buildSettings = {
				ALWAYS_SEARCH_USER_PATHS = NO;
				CLANG_ANALYZER_NONNULL = YES;
				CLANG_ANALYZER_NUMBER_OBJECT_CONVERSION = YES_AGGRESSIVE;
				CLANG_CXX_LANGUAGE_STANDARD = "gnu++17";
				CLANG_ENABLE_MODULES = YES;
				CLANG_ENABLE_OBJC_ARC = YES;
				CLANG_ENABLE_OBJC_WEAK = YES;
				CLANG_WARN_BLOCK_CAPTURE_AUTORELEASING = YES;
				CLANG_WARN_BOOL_CONVERSION = YES;
				CLANG_WARN_COMMA = YES;
				CLANG_WARN_CONSTANT_CONVERSION = YES;
				CLANG_WARN_DEPRECATED_OBJC_IMPLEMENTATIONS = YES;
				CLANG_WARN_DIRECT_OBJC_ISA_USAGE = YES_ERROR;
				CLANG_WARN_DOCUMENTATION_COMMENTS = YES;
				CLANG_WARN_EMPTY_BODY = YES;
				CLANG_WARN_ENUM_CONVERSION = YES;
				CLANG_WARN_INFINITE_RECURSION = YES;
				CLANG_WARN_INT_CONVERSION = YES;
				CLANG_WARN_NON_LITERAL_NULL_CONVERSION = YES;
				CLANG_WARN_OBJC_IMPLICIT_RETAIN_SELF = YES;
				CLANG_WARN_OBJC_LITERAL_CONVERSION = YES;
				CLANG_WARN_OBJC_ROOT_CLASS = YES_ERROR;
				CLANG_WARN_QUOTED_INCLUDE_IN_FRAMEWORK_HEADER = YES;
				CLANG_WARN_RANGE_LOOP_ANALYSIS = YES;
				CLANG_WARN_STRICT_PROTOTYPES = YES;
				CLANG_WARN_SUSPICIOUS_MOVE = YES;
				CLANG_WARN_UNGUARDED_AVAILABILITY = YES_AGGRESSIVE;
				CLANG_WARN_UNREACHABLE_CODE = YES;
				CLANG_WARN__DUPLICATE_METHOD_MATCH = YES;
				COPY_PHASE_STRIP = NO;
				DEBUG_INFORMATION_FORMAT = dwarf;
				ENABLE_STRICT_OBJC_MSGSEND = YES;
				ENABLE_TESTABILITY = YES;
				GCC_C_LANGUAGE_STANDARD = gnu11;
				GCC_DYNAMIC_NO_PIC = NO;
				GCC_NO_COMMON_BLOCKS = YES;
				GCC_OPTIMIZATION_LEVEL = 0;
				GCC_PREPROCESSOR_DEFINITIONS = (
					"DEBUG=1",
					"$(inherited)",
				);
				GCC_WARN_64_TO_32_BIT_CONVERSION = YES;
				GCC_WARN_ABOUT_RETURN_TYPE = YES_ERROR;
				GCC_WARN_UNDECLARED_SELECTOR = YES;
				GCC_WARN_UNINITIALIZED_AUTOS = YES_AGGRESSIVE;
				GCC_WARN_UNUSED_FUNCTION = YES;
				GCC_WARN_UNUSED_VARIABLE = YES;
				IPHONEOS_DEPLOYMENT_TARGET = 15.5;
				MTL_ENABLE_DEBUG_INFO = INCLUDE_SOURCE;
				MTL_FAST_MATH = YES;
				ONLY_ACTIVE_ARCH = YES;
				SDKROOT = iphoneos;
				SWIFT_ACTIVE_COMPILATION_CONDITIONS = DEBUG;
				SWIFT_OPTIMIZATION_LEVEL = "-Onone";
			};
			name = Debug;
		};
		1DD723EC29046F4C00CAFC8D /* Release */ = {
			isa = XCBuildConfiguration;
			buildSettings = {
				ALWAYS_SEARCH_USER_PATHS = NO;
				CLANG_ANALYZER_NONNULL = YES;
				CLANG_ANALYZER_NUMBER_OBJECT_CONVERSION = YES_AGGRESSIVE;
				CLANG_CXX_LANGUAGE_STANDARD = "gnu++17";
				CLANG_ENABLE_MODULES = YES;
				CLANG_ENABLE_OBJC_ARC = YES;
				CLANG_ENABLE_OBJC_WEAK = YES;
				CLANG_WARN_BLOCK_CAPTURE_AUTORELEASING = YES;
				CLANG_WARN_BOOL_CONVERSION = YES;
				CLANG_WARN_COMMA = YES;
				CLANG_WARN_CONSTANT_CONVERSION = YES;
				CLANG_WARN_DEPRECATED_OBJC_IMPLEMENTATIONS = YES;
				CLANG_WARN_DIRECT_OBJC_ISA_USAGE = YES_ERROR;
				CLANG_WARN_DOCUMENTATION_COMMENTS = YES;
				CLANG_WARN_EMPTY_BODY = YES;
				CLANG_WARN_ENUM_CONVERSION = YES;
				CLANG_WARN_INFINITE_RECURSION = YES;
				CLANG_WARN_INT_CONVERSION = YES;
				CLANG_WARN_NON_LITERAL_NULL_CONVERSION = YES;
				CLANG_WARN_OBJC_IMPLICIT_RETAIN_SELF = YES;
				CLANG_WARN_OBJC_LITERAL_CONVERSION = YES;
				CLANG_WARN_OBJC_ROOT_CLASS = YES_ERROR;
				CLANG_WARN_QUOTED_INCLUDE_IN_FRAMEWORK_HEADER = YES;
				CLANG_WARN_RANGE_LOOP_ANALYSIS = YES;
				CLANG_WARN_STRICT_PROTOTYPES = YES;
				CLANG_WARN_SUSPICIOUS_MOVE = YES;
				CLANG_WARN_UNGUARDED_AVAILABILITY = YES_AGGRESSIVE;
				CLANG_WARN_UNREACHABLE_CODE = YES;
				CLANG_WARN__DUPLICATE_METHOD_MATCH = YES;
				COPY_PHASE_STRIP = NO;
				DEBUG_INFORMATION_FORMAT = "dwarf-with-dsym";
				ENABLE_NS_ASSERTIONS = NO;
				ENABLE_STRICT_OBJC_MSGSEND = YES;
				GCC_C_LANGUAGE_STANDARD = gnu11;
				GCC_NO_COMMON_BLOCKS = YES;
				GCC_WARN_64_TO_32_BIT_CONVERSION = YES;
				GCC_WARN_ABOUT_RETURN_TYPE = YES_ERROR;
				GCC_WARN_UNDECLARED_SELECTOR = YES;
				GCC_WARN_UNINITIALIZED_AUTOS = YES_AGGRESSIVE;
				GCC_WARN_UNUSED_FUNCTION = YES;
				GCC_WARN_UNUSED_VARIABLE = YES;
				IPHONEOS_DEPLOYMENT_TARGET = 15.5;
				MTL_ENABLE_DEBUG_INFO = NO;
				MTL_FAST_MATH = YES;
				SDKROOT = iphoneos;
				SWIFT_COMPILATION_MODE = wholemodule;
				SWIFT_OPTIMIZATION_LEVEL = "-O";
				VALIDATE_PRODUCT = YES;
			};
			name = Release;
		};
		1DD723EE29046F4C00CAFC8D /* Debug */ = {
			isa = XCBuildConfiguration;
			baseConfigurationReference = 5C37DE4CEA567706090278DB /* Pods-Parking Finder.debug.xcconfig */;
			buildSettings = {
				ASSETCATALOG_COMPILER_APPICON_NAME = AppIcon;
				ASSETCATALOG_COMPILER_GLOBAL_ACCENT_COLOR_NAME = AccentColor;
				CODE_SIGN_STYLE = Automatic;
				CURRENT_PROJECT_VERSION = 1;
				DEVELOPMENT_TEAM = B9UPU8TWDV;
				GENERATE_INFOPLIST_FILE = YES;
				INFOPLIST_FILE = "Parking Finder/Info.plist";
				INFOPLIST_KEY_UIApplicationSupportsIndirectInputEvents = YES;
				INFOPLIST_KEY_UILaunchStoryboardName = LaunchScreen;
				INFOPLIST_KEY_UIMainStoryboardFile = Main;
				INFOPLIST_KEY_UISupportedInterfaceOrientations_iPad = "UIInterfaceOrientationPortrait UIInterfaceOrientationPortraitUpsideDown UIInterfaceOrientationLandscapeLeft UIInterfaceOrientationLandscapeRight";
				INFOPLIST_KEY_UISupportedInterfaceOrientations_iPhone = "UIInterfaceOrientationPortrait UIInterfaceOrientationLandscapeLeft UIInterfaceOrientationLandscapeRight";
				LD_RUNPATH_SEARCH_PATHS = (
					"$(inherited)",
					"@executable_path/Frameworks",
				);
				MARKETING_VERSION = 1.0;
				PRODUCT_BUNDLE_IDENTIFIER = "com.trishtruong.Parking-Finder";
				PRODUCT_NAME = "$(TARGET_NAME)";
				SWIFT_EMIT_LOC_STRINGS = YES;
				SWIFT_VERSION = 5.0;
				TARGETED_DEVICE_FAMILY = "1,2";
			};
			name = Debug;
		};
		1DD723EF29046F4C00CAFC8D /* Release */ = {
			isa = XCBuildConfiguration;
			baseConfigurationReference = 1456C5A841F879FD9E91C6C7 /* Pods-Parking Finder.release.xcconfig */;
			buildSettings = {
				ASSETCATALOG_COMPILER_APPICON_NAME = AppIcon;
				ASSETCATALOG_COMPILER_GLOBAL_ACCENT_COLOR_NAME = AccentColor;
				CODE_SIGN_STYLE = Automatic;
				CURRENT_PROJECT_VERSION = 1;
				DEVELOPMENT_TEAM = B9UPU8TWDV;
				GENERATE_INFOPLIST_FILE = YES;
				INFOPLIST_FILE = "Parking Finder/Info.plist";
				INFOPLIST_KEY_UIApplicationSupportsIndirectInputEvents = YES;
				INFOPLIST_KEY_UILaunchStoryboardName = LaunchScreen;
				INFOPLIST_KEY_UIMainStoryboardFile = Main;
				INFOPLIST_KEY_UISupportedInterfaceOrientations_iPad = "UIInterfaceOrientationPortrait UIInterfaceOrientationPortraitUpsideDown UIInterfaceOrientationLandscapeLeft UIInterfaceOrientationLandscapeRight";
				INFOPLIST_KEY_UISupportedInterfaceOrientations_iPhone = "UIInterfaceOrientationPortrait UIInterfaceOrientationLandscapeLeft UIInterfaceOrientationLandscapeRight";
				LD_RUNPATH_SEARCH_PATHS = (
					"$(inherited)",
					"@executable_path/Frameworks",
				);
				MARKETING_VERSION = 1.0;
				PRODUCT_BUNDLE_IDENTIFIER = "com.trishtruong.Parking-Finder";
				PRODUCT_NAME = "$(TARGET_NAME)";
				SWIFT_EMIT_LOC_STRINGS = YES;
				SWIFT_VERSION = 5.0;
				TARGETED_DEVICE_FAMILY = "1,2";
			};
			name = Release;
		};
		1DD723F129046F4C00CAFC8D /* Debug */ = {
			isa = XCBuildConfiguration;
			baseConfigurationReference = D96ECBFD94D631B61822BDBE /* Pods-Parking FinderTests.debug.xcconfig */;
			buildSettings = {
				ALWAYS_EMBED_SWIFT_STANDARD_LIBRARIES = YES;
				BUNDLE_LOADER = "$(TEST_HOST)";
				CODE_SIGN_STYLE = Automatic;
				CURRENT_PROJECT_VERSION = 1;
				DEVELOPMENT_TEAM = B9UPU8TWDV;
				GENERATE_INFOPLIST_FILE = YES;
				IPHONEOS_DEPLOYMENT_TARGET = 15.5;
				MARKETING_VERSION = 1.0;
				PRODUCT_BUNDLE_IDENTIFIER = "com.trishtruong.Parking-FinderTests";
				PRODUCT_NAME = "$(TARGET_NAME)";
				SWIFT_EMIT_LOC_STRINGS = NO;
				SWIFT_VERSION = 5.0;
				TARGETED_DEVICE_FAMILY = "1,2";
				TEST_HOST = "$(BUILT_PRODUCTS_DIR)/Parking Finder.app/Parking Finder";
			};
			name = Debug;
		};
		1DD723F229046F4C00CAFC8D /* Release */ = {
			isa = XCBuildConfiguration;
			baseConfigurationReference = DEC18A3506F5FD4997ABD906 /* Pods-Parking FinderTests.release.xcconfig */;
			buildSettings = {
				ALWAYS_EMBED_SWIFT_STANDARD_LIBRARIES = YES;
				BUNDLE_LOADER = "$(TEST_HOST)";
				CODE_SIGN_STYLE = Automatic;
				CURRENT_PROJECT_VERSION = 1;
				DEVELOPMENT_TEAM = B9UPU8TWDV;
				GENERATE_INFOPLIST_FILE = YES;
				IPHONEOS_DEPLOYMENT_TARGET = 15.5;
				MARKETING_VERSION = 1.0;
				PRODUCT_BUNDLE_IDENTIFIER = "com.trishtruong.Parking-FinderTests";
				PRODUCT_NAME = "$(TARGET_NAME)";
				SWIFT_EMIT_LOC_STRINGS = NO;
				SWIFT_VERSION = 5.0;
				TARGETED_DEVICE_FAMILY = "1,2";
				TEST_HOST = "$(BUILT_PRODUCTS_DIR)/Parking Finder.app/Parking Finder";
			};
			name = Release;
		};
		1DD723F429046F4C00CAFC8D /* Debug */ = {
			isa = XCBuildConfiguration;
			baseConfigurationReference = 87BB181E0C847D51C45A97A8 /* Pods-Parking Finder-Parking FinderUITests.debug.xcconfig */;
			buildSettings = {
				ALWAYS_EMBED_SWIFT_STANDARD_LIBRARIES = YES;
				CODE_SIGN_STYLE = Automatic;
				CURRENT_PROJECT_VERSION = 1;
				DEVELOPMENT_TEAM = B9UPU8TWDV;
				GENERATE_INFOPLIST_FILE = YES;
				MARKETING_VERSION = 1.0;
				PRODUCT_BUNDLE_IDENTIFIER = "com.trishtruong.Parking-FinderUITests";
				PRODUCT_NAME = "$(TARGET_NAME)";
				SWIFT_EMIT_LOC_STRINGS = NO;
				SWIFT_VERSION = 5.0;
				TARGETED_DEVICE_FAMILY = "1,2";
				TEST_TARGET_NAME = "Parking Finder";
			};
			name = Debug;
		};
		1DD723F529046F4C00CAFC8D /* Release */ = {
			isa = XCBuildConfiguration;
			baseConfigurationReference = E3AE71F2A094788A3C0018BB /* Pods-Parking Finder-Parking FinderUITests.release.xcconfig */;
			buildSettings = {
				ALWAYS_EMBED_SWIFT_STANDARD_LIBRARIES = YES;
				CODE_SIGN_STYLE = Automatic;
				CURRENT_PROJECT_VERSION = 1;
				DEVELOPMENT_TEAM = B9UPU8TWDV;
				GENERATE_INFOPLIST_FILE = YES;
				MARKETING_VERSION = 1.0;
				PRODUCT_BUNDLE_IDENTIFIER = "com.trishtruong.Parking-FinderUITests";
				PRODUCT_NAME = "$(TARGET_NAME)";
				SWIFT_EMIT_LOC_STRINGS = NO;
				SWIFT_VERSION = 5.0;
				TARGETED_DEVICE_FAMILY = "1,2";
				TEST_TARGET_NAME = "Parking Finder";
			};
			name = Release;
		};
/* End XCBuildConfiguration section */

/* Begin XCConfigurationList section */
		1DD723BE29046F4A00CAFC8D /* Build configuration list for PBXProject "Parking Finder" */ = {
			isa = XCConfigurationList;
			buildConfigurations = (
				1DD723EB29046F4C00CAFC8D /* Debug */,
				1DD723EC29046F4C00CAFC8D /* Release */,
			);
			defaultConfigurationIsVisible = 0;
			defaultConfigurationName = Release;
		};
		1DD723ED29046F4C00CAFC8D /* Build configuration list for PBXNativeTarget "Parking Finder" */ = {
			isa = XCConfigurationList;
			buildConfigurations = (
				1DD723EE29046F4C00CAFC8D /* Debug */,
				1DD723EF29046F4C00CAFC8D /* Release */,
			);
			defaultConfigurationIsVisible = 0;
			defaultConfigurationName = Release;
		};
		1DD723F029046F4C00CAFC8D /* Build configuration list for PBXNativeTarget "Parking FinderTests" */ = {
			isa = XCConfigurationList;
			buildConfigurations = (
				1DD723F129046F4C00CAFC8D /* Debug */,
				1DD723F229046F4C00CAFC8D /* Release */,
			);
			defaultConfigurationIsVisible = 0;
			defaultConfigurationName = Release;
		};
		1DD723F329046F4C00CAFC8D /* Build configuration list for PBXNativeTarget "Parking FinderUITests" */ = {
			isa = XCConfigurationList;
			buildConfigurations = (
				1DD723F429046F4C00CAFC8D /* Debug */,
				1DD723F529046F4C00CAFC8D /* Release */,
			);
			defaultConfigurationIsVisible = 0;
			defaultConfigurationName = Release;
		};
/* End XCConfigurationList section */
	};
	rootObject = 1DD723BB29046F4A00CAFC8D /* Project object */;
}
